
Microsoft Visual Studio Solution File, Format Version 12.00
# Visual Studio Version 17
VisualStudioVersion = 17.7.34024.191
MinimumVisualStudioVersion = 10.0.40219.1
Project("{FAE04EC0-301F-11D3-BF4B-00C04F79EFBC}") = "TIA程序生成", "TIA程序生成\TIA程序生成.csproj", "{558307E5-0D0D-4233-8784-50054D264725}"
EndProject
Project("{FAE04EC0-301F-11D3-BF4B-00C04F79EFBC}") = "MyLibrary", "MyLibrary\MyLibrary.csproj", "{68814328-BAFE-4C1E-B429-7C1C8F4242B8}"
EndProject
Global
	GlobalSection(SolutionConfigurationPlatforms) = preSolution
		Debug|Any CPU = Debug|Any CPU
		Release|Any CPU = Release|Any CPU
	EndGlobalSection
	GlobalSection(ProjectConfigurationPlatforms) = postSolution
		{558307E5-0D0D-4233-8784-50054D264725}.Debug|Any CPU.ActiveCfg = Debug|Any CPU
		{558307E5-0D0D-4233-8784-50054D264725}.Debug|Any CPU.Build.0 = Debug|Any CPU
		{558307E5-0D0D-4233-8784-50054D264725}.Release|Any CPU.ActiveCfg = Release|Any CPU
		{558307E5-0D0D-4233-8784-50054D264725}.Release|Any CPU.Build.0 = Release|Any CPU
		{68814328-BAFE-4C1E-B429-7C1C8F4242B8}.Debug|Any CPU.ActiveCfg = Debug|Any CPU
		{68814328-BAFE-4C1E-B429-7C1C8F4242B8}.Debug|Any CPU.Build.0 = Debug|Any CPU
		{68814328-BAFE-4C1E-B429-7C1C8F4242B8}.Release|Any CPU.ActiveCfg = Release|Any CPU
		{68814328-BAFE-4C1E-B429-7C1C8F4242B8}.Release|Any CPU.Build.0 = Release|Any CPU
	EndGlobalSection
	GlobalSection(SolutionProperties) = preSolution
		HideSolutionNode = FALSE
	EndGlobalSection
	GlobalSection(ExtensibilityGlobals) = postSolution
		SolutionGuid = {4B2F2341-CB37-4B11-A4A2-341207CC16DD}
	EndGlobalSection
EndGlobal
